
Microsoft Visual Studio Solution File, Format Version 12.00
# Visual Studio 15
VisualStudioVersion = 15.0.26430.6
MinimumVisualStudioVersion = 10.0.40219.1
Project("{8BC9CEB8-8B4A-11D0-8D11-00A0C91BC942}") = "Client App", "Client App\Client App.vcxproj", "{2B504F5A-8857-4A0C-8E20-E42C1590CA74}"
EndProject
Project("{8BC9CEB8-8B4A-11D0-8D11-00A0C91BC942}") = "memory alloc dll", "memory alloc dll\memory alloc dll.vcxproj", "{7ECE7A5A-B027-42AA-9B48-93EBCFCD725A}"
EndProject
Global
	GlobalSection(SolutionConfigurationPlatforms) = preSolution
		Debug|x64 = Debug|x64
		Debug|x86 = Debug|x86
		Release|x64 = Release|x64
		Release|x86 = Release|x86
	EndGlobalSection
	GlobalSection(ProjectConfigurationPlatforms) = postSolution
		{2B504F5A-8857-4A0C-8E20-E42C1590CA74}.Debug|x64.ActiveCfg = Debug|x64
		{2B504F5A-8857-4A0C-8E20-E42C1590CA74}.Debug|x64.Build.0 = Debug|x64
		{2B504F5A-8857-4A0C-8E20-E42C1590CA74}.Debug|x86.ActiveCfg = Debug|Win32
		{2B504F5A-8857-4A0C-8E20-E42C1590CA74}.Debug|x86.Build.0 = Debug|Win32
		{2B504F5A-8857-4A0C-8E20-E42C1590CA74}.Release|x64.ActiveCfg = Release|x64
		{2B504F5A-8857-4A0C-8E20-E42C1590CA74}.Release|x64.Build.0 = Release|x64
		{2B504F5A-8857-4A0C-8E20-E42C1590CA74}.Release|x86.ActiveCfg = Release|Win32
		{2B504F5A-8857-4A0C-8E20-E42C1590CA74}.Release|x86.Build.0 = Release|Win32
		{7ECE7A5A-B027-42AA-9B48-93EBCFCD725A}.Debug|x64.ActiveCfg = Debug|x64
		{7ECE7A5A-B027-42AA-9B48-93EBCFCD725A}.Debug|x64.Build.0 = Debug|x64
		{7ECE7A5A-B027-42AA-9B48-93EBCFCD725A}.Debug|x86.ActiveCfg = Debug|Win32
		{7ECE7A5A-B027-42AA-9B48-93EBCFCD725A}.Debug|x86.Build.0 = Debug|Win32
		{7ECE7A5A-B027-42AA-9B48-93EBCFCD725A}.Release|x64.ActiveCfg = Release|x64
		{7ECE7A5A-B027-42AA-9B48-93EBCFCD725A}.Release|x64.Build.0 = Release|x64
		{7ECE7A5A-B027-42AA-9B48-93EBCFCD725A}.Release|x86.ActiveCfg = Release|Win32
		{7ECE7A5A-B027-42AA-9B48-93EBCFCD725A}.Release|x86.Build.0 = Release|Win32
	EndGlobalSection
	GlobalSection(SolutionProperties) = preSolution
		HideSolutionNode = FALSE
	EndGlobalSection
EndGlobal
